{
  "originHash" : "9b87bab7c76be6104e260966b17dbb5ab13d59333d411d8d1d2afd0ed484b1be",
  "pins" : [
    {
      "identity" : "ribs-ios",
      "kind" : "remoteSourceControl",
      "location" : "https://github.com/alexvbush/RIBs-iOS",
      "state" : {
        "branch" : "swift-concurrency-isolation",
        "revision" : "acbaea93a8c76be2efc2d2e1f0ce3ac83951c231"
      }
    },
    {
      "identity" : "rxswift",
      "kind" : "remoteSourceControl",
      "location" : "https://github.com/ReactiveX/RxSwift",
      "state" : {
        "revision" : "5dd1907d64f0d36f158f61a466bab75067224893",
        "version" : "6.9.0"
      }
    }
  ],
  "version" : 3
}
